
Microsoft Visual Studio Solution File, Format Version 12.00
# Visual Studio 15
VisualStudioVersion = 15.0.27004.2006
MinimumVisualStudioVersion = 10.0.40219.1
Project("{FAE04EC0-301F-11D3-BF4B-00C04F79EFBC}") = "Tokenizer 2", "Tokenizer 2\Tokenizer 2.csproj", "{2188EB77-4247-4A37-9B98-F9142093A0AF}"
EndProject
Global
	GlobalSection(SolutionConfigurationPlatforms) = preSolution
		Debug|Any CPU = Debug|Any CPU
		Release|Any CPU = Release|Any CPU
	EndGlobalSection
	GlobalSection(ProjectConfigurationPlatforms) = postSolution
		{2188EB77-4247-4A37-9B98-F9142093A0AF}.Debug|Any CPU.ActiveCfg = Debug|Any CPU
		{2188EB77-4247-4A37-9B98-F9142093A0AF}.Debug|Any CPU.Build.0 = Debug|Any CPU
		{2188EB77-4247-4A37-9B98-F9142093A0AF}.Release|Any CPU.ActiveCfg = Release|Any CPU
		{2188EB77-4247-4A37-9B98-F9142093A0AF}.Release|Any CPU.Build.0 = Release|Any CPU
	EndGlobalSection
	GlobalSection(SolutionProperties) = preSolution
		HideSolutionNode = FALSE
	EndGlobalSection
	GlobalSection(ExtensibilityGlobals) = postSolution
		SolutionGuid = {DC57FE99-C4B8-41EE-9F2F-9D8C7EC64DFB}
	EndGlobalSection
EndGlobal
